
Microsoft Visual Studio Solution File, Format Version 12.00
# Visual Studio Version 16
VisualStudioVersion = 16.0.29001.49
MinimumVisualStudioVersion = 10.0.40219.1
Project("{FAE04EC0-301F-11D3-BF4B-00C04F79EFBC}") = "Gympass.Arquivo", "Gympass.Arquivo\Gympass.Arquivo.csproj", "{AA253F5B-D57B-42AD-8C4D-4B1D101C59B2}"
EndProject
Project("{FAE04EC0-301F-11D3-BF4B-00C04F79EFBC}") = "Gympass.Modelos", "Gympass.Modelos\Gympass.Modelos.csproj", "{28C8D8B6-1335-42CD-A476-F7D00E2F8C8C}"
EndProject
Project("{FAE04EC0-301F-11D3-BF4B-00C04F79EFBC}") = "GeradorDeRelatorio", "GeradorDeRelatorio\GeradorDeRelatorio.csproj", "{6BDEC11E-38E5-460A-80AF-DA973889B6F2}"
EndProject
Project("{FAE04EC0-301F-11D3-BF4B-00C04F79EFBC}") = "CorridaTest", "PilotoTest\CorridaTest.csproj", "{D2AD2212-2D71-4623-A082-6A60D060B47A}"
EndProject
Global
	GlobalSection(SolutionConfigurationPlatforms) = preSolution
		Debug|Any CPU = Debug|Any CPU
		Release|Any CPU = Release|Any CPU
	EndGlobalSection
	GlobalSection(ProjectConfigurationPlatforms) = postSolution
		{AA253F5B-D57B-42AD-8C4D-4B1D101C59B2}.Debug|Any CPU.ActiveCfg = Debug|Any CPU
		{AA253F5B-D57B-42AD-8C4D-4B1D101C59B2}.Debug|Any CPU.Build.0 = Debug|Any CPU
		{AA253F5B-D57B-42AD-8C4D-4B1D101C59B2}.Release|Any CPU.ActiveCfg = Release|Any CPU
		{AA253F5B-D57B-42AD-8C4D-4B1D101C59B2}.Release|Any CPU.Build.0 = Release|Any CPU
		{28C8D8B6-1335-42CD-A476-F7D00E2F8C8C}.Debug|Any CPU.ActiveCfg = Debug|Any CPU
		{28C8D8B6-1335-42CD-A476-F7D00E2F8C8C}.Debug|Any CPU.Build.0 = Debug|Any CPU
		{28C8D8B6-1335-42CD-A476-F7D00E2F8C8C}.Release|Any CPU.ActiveCfg = Release|Any CPU
		{28C8D8B6-1335-42CD-A476-F7D00E2F8C8C}.Release|Any CPU.Build.0 = Release|Any CPU
		{6BDEC11E-38E5-460A-80AF-DA973889B6F2}.Debug|Any CPU.ActiveCfg = Debug|Any CPU
		{6BDEC11E-38E5-460A-80AF-DA973889B6F2}.Debug|Any CPU.Build.0 = Debug|Any CPU
		{6BDEC11E-38E5-460A-80AF-DA973889B6F2}.Release|Any CPU.ActiveCfg = Release|Any CPU
		{6BDEC11E-38E5-460A-80AF-DA973889B6F2}.Release|Any CPU.Build.0 = Release|Any CPU
		{D2AD2212-2D71-4623-A082-6A60D060B47A}.Debug|Any CPU.ActiveCfg = Debug|Any CPU
		{D2AD2212-2D71-4623-A082-6A60D060B47A}.Debug|Any CPU.Build.0 = Debug|Any CPU
		{D2AD2212-2D71-4623-A082-6A60D060B47A}.Release|Any CPU.ActiveCfg = Release|Any CPU
		{D2AD2212-2D71-4623-A082-6A60D060B47A}.Release|Any CPU.Build.0 = Release|Any CPU
	EndGlobalSection
	GlobalSection(SolutionProperties) = preSolution
		HideSolutionNode = FALSE
	EndGlobalSection
	GlobalSection(ExtensibilityGlobals) = postSolution
		SolutionGuid = {6230A75A-F13A-4125-8E57-C5BBFDB7403B}
	EndGlobalSection
EndGlobal
